// !$*UTF8*$!
{
	archiveVersion = 1;
	classes = {
	};
	objectVersion = 60;
	objects = {

/* Begin PBXBuildFile section */
		AB3DFDA12B830BB500614DF7 /* AppDelegate.swift in Sources */ = {isa = PBXBuildFile; fileRef = AB3DFDA02B830BB500614DF7 /* AppDelegate.swift */; };
		AB3DFDA32B830BB500614DF7 /* SceneDelegate.swift in Sources */ = {isa = PBXBuildFile; fileRef = AB3DFDA22B830BB500614DF7 /* SceneDelegate.swift */; };
		AB3DFDA52B830BB500614DF7 /* ViewController.swift in Sources */ = {isa = PBXBuildFile; fileRef = AB3DFDA42B830BB500614DF7 /* ViewController.swift */; };
		AB3DFDA82B830BB500614DF7 /* Main.storyboard in Resources */ = {isa = PBXBuildFile; fileRef = AB3DFDA62B830BB500614DF7 /* Main.storyboard */; };
		AB3DFDAA2B830BB700614DF7 /* Assets.xcassets in Resources */ = {isa = PBXBuildFile; fileRef = AB3DFDA92B830BB700614DF7 /* Assets.xcassets */; };
		AB3DFDAD2B830BB700614DF7 /* LaunchScreen.storyboard in Resources */ = {isa = PBXBuildFile; fileRef = AB3DFDAB2B830BB700614DF7 /* LaunchScreen.storyboard */; };
		AB3DFDB62B830C1800614DF7 /* Apollo in Frameworks */ = {isa = PBXBuildFile; productRef = AB3DFDB52B830C1800614DF7 /* Apollo */; };
		AB3DFDB82B830C1800614DF7 /* ApolloWebSocket in Frameworks */ = {isa = PBXBuildFile; productRef = AB3DFDB72B830C1800614DF7 /* ApolloWebSocket */; };
		AB3DFDBB2B830C7800614DF7 /* schema.graphqls in Resources */ = {isa = PBXBuildFile; fileRef = AB3DFDBA2B830C7800614DF7 /* schema.graphqls */; };
		AB3DFDBD2B830C9400614DF7 /* MyUserSubscription.graphql in Resources */ = {isa = PBXBuildFile; fileRef = AB3DFDBC2B830C9400614DF7 /* MyUserSubscription.graphql */; };
		AB3DFDC02B830CF500614DF7 /* MyUserAPI in Frameworks */ = {isa = PBXBuildFile; productRef = AB3DFDBF2B830CF500614DF7 /* MyUserAPI */; };
		AB3DFDC32B830D1B00614DF7 /* Network.swift in Sources */ = {isa = PBXBuildFile; fileRef = AB3DFDC22B830D1B00614DF7 /* Network.swift */; };
		AB3DFDC72B830EFC00614DF7 /* NetworkInterceptorProvider.swift in Sources */ = {isa = PBXBuildFile; fileRef = AB3DFDC62B830EFC00614DF7 /* NetworkInterceptorProvider.swift */; };
		AB3DFDC92B830F6D00614DF7 /* AuthorizationInterceptor.swift in Sources */ = {isa = PBXBuildFile; fileRef = AB3DFDC82B830F6D00614DF7 /* AuthorizationInterceptor.swift */; };
/* End PBXBuildFile section */

/* Begin PBXFileReference section */
		AB3DFD9D2B830BB500614DF7 /* myfourthapp.app */ = {isa = PBXFileReference; explicitFileType = wrapper.application; includeInIndex = 0; path = myfourthapp.app; sourceTree = BUILT_PRODUCTS_DIR; };
		AB3DFDA02B830BB500614DF7 /* AppDelegate.swift */ = {isa = PBXFileReference; lastKnownFileType = sourcecode.swift; path = AppDelegate.swift; sourceTree = "<group>"; };
		AB3DFDA22B830BB500614DF7 /* SceneDelegate.swift */ = {isa = PBXFileReference; lastKnownFileType = sourcecode.swift; path = SceneDelegate.swift; sourceTree = "<group>"; };
		AB3DFDA42B830BB500614DF7 /* ViewController.swift */ = {isa = PBXFileReference; lastKnownFileType = sourcecode.swift; path = ViewController.swift; sourceTree = "<group>"; };
		AB3DFDA72B830BB500614DF7 /* Base */ = {isa = PBXFileReference; lastKnownFileType = file.storyboard; name = Base; path = Base.lproj/Main.storyboard; sourceTree = "<group>"; };
		AB3DFDA92B830BB700614DF7 /* Assets.xcassets */ = {isa = PBXFileReference; lastKnownFileType = folder.assetcatalog; path = Assets.xcassets; sourceTree = "<group>"; };
		AB3DFDAC2B830BB700614DF7 /* Base */ = {isa = PBXFileReference; lastKnownFileType = file.storyboard; name = Base; path = Base.lproj/LaunchScreen.storyboard; sourceTree = "<group>"; };
		AB3DFDAE2B830BB700614DF7 /* Info.plist */ = {isa = PBXFileReference; lastKnownFileType = text.plist.xml; path = Info.plist; sourceTree = "<group>"; };
		AB3DFDBA2B830C7800614DF7 /* schema.graphqls */ = {isa = PBXFileReference; lastKnownFileType = file; name = schema.graphqls; path = graphql/schema.graphqls; sourceTree = SOURCE_ROOT; };
		AB3DFDBC2B830C9400614DF7 /* MyUserSubscription.graphql */ = {isa = PBXFileReference; lastKnownFileType = text; path = MyUserSubscription.graphql; sourceTree = "<group>"; };
		AB3DFDC22B830D1B00614DF7 /* Network.swift */ = {isa = PBXFileReference; lastKnownFileType = sourcecode.swift; path = Network.swift; sourceTree = "<group>"; };
		AB3DFDC62B830EFC00614DF7 /* NetworkInterceptorProvider.swift */ = {isa = PBXFileReference; lastKnownFileType = sourcecode.swift; path = NetworkInterceptorProvider.swift; sourceTree = "<group>"; };
		AB3DFDC82B830F6D00614DF7 /* AuthorizationInterceptor.swift */ = {isa = PBXFileReference; lastKnownFileType = sourcecode.swift; path = AuthorizationInterceptor.swift; sourceTree = "<group>"; };
/* End PBXFileReference section */

/* Begin PBXFrameworksBuildPhase section */
		AB3DFD9A2B830BB500614DF7 /* Frameworks */ = {
			isa = PBXFrameworksBuildPhase;
			buildActionMask = 2147483647;
			files = (
				AB3DFDC02B830CF500614DF7 /* MyUserAPI in Frameworks */,
				AB3DFDB62B830C1800614DF7 /* Apollo in Frameworks */,
				AB3DFDB82B830C1800614DF7 /* ApolloWebSocket in Frameworks */,
			);
			runOnlyForDeploymentPostprocessing = 0;
		};
/* End PBXFrameworksBuildPhase section */

/* Begin PBXGroup section */
		AB3DFD942B830BB500614DF7 = {
			isa = PBXGroup;
			children = (
				AB3DFD9F2B830BB500614DF7 /* myfourthapp */,
				AB3DFD9E2B830BB500614DF7 /* Products */,
				AB3DFDC12B830D0000614DF7 /* Frameworks */,
			);
			sourceTree = "<group>";
		};
		AB3DFD9E2B830BB500614DF7 /* Products */ = {
			isa = PBXGroup;
			children = (
				AB3DFD9D2B830BB500614DF7 /* myfourthapp.app */,
			);
			name = Products;
			sourceTree = "<group>";
		};
		AB3DFD9F2B830BB500614DF7 /* myfourthapp */ = {
			isa = PBXGroup;
			children = (
				AB3DFDB92B830C6600614DF7 /* graphql */,
				AB3DFDA02B830BB500614DF7 /* AppDelegate.swift */,
				AB3DFDA22B830BB500614DF7 /* SceneDelegate.swift */,
				AB3DFDA42B830BB500614DF7 /* ViewController.swift */,
				AB3DFDA62B830BB500614DF7 /* Main.storyboard */,
				AB3DFDA92B830BB700614DF7 /* Assets.xcassets */,
				AB3DFDAB2B830BB700614DF7 /* LaunchScreen.storyboard */,
				AB3DFDAE2B830BB700614DF7 /* Info.plist */,
				AB3DFDC22B830D1B00614DF7 /* Network.swift */,
				AB3DFDC62B830EFC00614DF7 /* NetworkInterceptorProvider.swift */,
				AB3DFDC82B830F6D00614DF7 /* AuthorizationInterceptor.swift */,
			);
			path = myfourthapp;
			sourceTree = "<group>";
		};
		AB3DFDB92B830C6600614DF7 /* graphql */ = {
			isa = PBXGroup;
			children = (
				AB3DFDBA2B830C7800614DF7 /* schema.graphqls */,
				AB3DFDBC2B830C9400614DF7 /* MyUserSubscription.graphql */,
			);
			path = graphql;
			sourceTree = "<group>";
		};
		AB3DFDC12B830D0000614DF7 /* Frameworks */ = {
			isa = PBXGroup;
			children = (
			);
			name = Frameworks;
			sourceTree = "<group>";
		};
/* End PBXGroup section */

/* Begin PBXNativeTarget section */
		AB3DFD9C2B830BB500614DF7 /* myfourthapp */ = {
			isa = PBXNativeTarget;
			buildConfigurationList = AB3DFDB12B830BB700614DF7 /* Build configuration list for PBXNativeTarget "myfourthapp" */;
			buildPhases = (
				AB3DFD992B830BB500614DF7 /* Sources */,
				AB3DFD9A2B830BB500614DF7 /* Frameworks */,
				AB3DFD9B2B830BB500614DF7 /* Resources */,
			);
			buildRules = (
			);
			dependencies = (
			);
			name = myfourthapp;
			packageProductDependencies = (
				AB3DFDB52B830C1800614DF7 /* Apollo */,
				AB3DFDB72B830C1800614DF7 /* ApolloWebSocket */,
				AB3DFDBF2B830CF500614DF7 /* MyUserAPI */,
			);
			productName = myfourthapp;
			productReference = AB3DFD9D2B830BB500614DF7 /* myfourthapp.app */;
			productType = "com.apple.product-type.application";
		};
/* End PBXNativeTarget section */

/* Begin PBXProject section */
		AB3DFD952B830BB500614DF7 /* Project object */ = {
			isa = PBXProject;
			attributes = {
				BuildIndependentTargetsInParallel = 1;
				LastSwiftUpdateCheck = 1520;
				LastUpgradeCheck = 1520;
				TargetAttributes = {
					AB3DFD9C2B830BB500614DF7 = {
						CreatedOnToolsVersion = 15.2;
					};
				};
			};
			buildConfigurationList = AB3DFD982B830BB500614DF7 /* Build configuration list for PBXProject "myfourthapp" */;
			compatibilityVersion = "Xcode 14.0";
			developmentRegion = en;
			hasScannedForEncodings = 0;
			knownRegions = (
				en,
				Base,
			);
			mainGroup = AB3DFD942B830BB500614DF7;
			packageReferences = (
				AB3DFDB42B830C1800614DF7 /* XCRemoteSwiftPackageReference "apollo-ios" */,
				AB3DFDBE2B830CF500614DF7 /* XCLocalSwiftPackageReference "MyUserAPI" */,
			);
			productRefGroup = AB3DFD9E2B830BB500614DF7 /* Products */;
			projectDirPath = "";
			projectRoot = "";
			targets = (
				AB3DFD9C2B830BB500614DF7 /* myfourthapp */,
			);
		};
/* End PBXProject section */

/* Begin PBXResourcesBuildPhase section */
		AB3DFD9B2B830BB500614DF7 /* Resources */ = {
			isa = PBXResourcesBuildPhase;
			buildActionMask = 2147483647;
			files = (
				AB3DFDBD2B830C9400614DF7 /* MyUserSubscription.graphql in Resources */,
				AB3DFDBB2B830C7800614DF7 /* schema.graphqls in Resources */,
				AB3DFDAD2B830BB700614DF7 /* LaunchScreen.storyboard in Resources */,
				AB3DFDAA2B830BB700614DF7 /* Assets.xcassets in Resources */,
				AB3DFDA82B830BB500614DF7 /* Main.storyboard in Resources */,
			);
			runOnlyForDeploymentPostprocessing = 0;
		};
/* End PBXResourcesBuildPhase section */

/* Begin PBXSourcesBuildPhase section */
		AB3DFD992B830BB500614DF7 /* Sources */ = {
			isa = PBXSourcesBuildPhase;
			buildActionMask = 2147483647;
			files = (
				AB3DFDA52B830BB500614DF7 /* ViewController.swift in Sources */,
				AB3DFDA12B830BB500614DF7 /* AppDelegate.swift in Sources */,
				AB3DFDC72B830EFC00614DF7 /* NetworkInterceptorProvider.swift in Sources */,
				AB3DFDC32B830D1B00614DF7 /* Network.swift in Sources */,
				AB3DFDA32B830BB500614DF7 /* SceneDelegate.swift in Sources */,
				AB3DFDC92B830F6D00614DF7 /* AuthorizationInterceptor.swift in Sources */,
			);
			runOnlyForDeploymentPostprocessing = 0;
		};
/* End PBXSourcesBuildPhase section */

/* Begin PBXVariantGroup section */
		AB3DFDA62B830BB500614DF7 /* Main.storyboard */ = {
			isa = PBXVariantGroup;
			children = (
				AB3DFDA72B830BB500614DF7 /* Base */,
			);
			name = Main.storyboard;
			sourceTree = "<group>";
		};
		AB3DFDAB2B830BB700614DF7 /* LaunchScreen.storyboard */ = {
			isa = PBXVariantGroup;
			children = (
				AB3DFDAC2B830BB700614DF7 /* Base */,
			);
			name = LaunchScreen.storyboard;
			sourceTree = "<group>";
		};
/* End PBXVariantGroup section */

/* Begin XCBuildConfiguration section */
		AB3DFDAF2B830BB700614DF7 /* Debug */ = {
			isa = XCBuildConfiguration;
			buildSettings = {
				ALWAYS_SEARCH_USER_PATHS = NO;
				ASSETCATALOG_COMPILER_GENERATE_SWIFT_ASSET_SYMBOL_EXTENSIONS = YES;
				CLANG_ANALYZER_NONNULL = YES;
				CLANG_ANALYZER_NUMBER_OBJECT_CONVERSION = YES_AGGRESSIVE;
				CLANG_CXX_LANGUAGE_STANDARD = "gnu++20";
				CLANG_ENABLE_MODULES = YES;
				CLANG_ENABLE_OBJC_ARC = YES;
				CLANG_ENABLE_OBJC_WEAK = YES;
				CLANG_WARN_BLOCK_CAPTURE_AUTORELEASING = YES;
				CLANG_WARN_BOOL_CONVERSION = YES;
				CLANG_WARN_COMMA = YES;
				CLANG_WARN_CONSTANT_CONVERSION = YES;
				CLANG_WARN_DEPRECATED_OBJC_IMPLEMENTATIONS = YES;
				CLANG_WARN_DIRECT_OBJC_ISA_USAGE = YES_ERROR;
				CLANG_WARN_DOCUMENTATION_COMMENTS = YES;
				CLANG_WARN_EMPTY_BODY = YES;
				CLANG_WARN_ENUM_CONVERSION = YES;
				CLANG_WARN_INFINITE_RECURSION = YES;
				CLANG_WARN_INT_CONVERSION = YES;
				CLANG_WARN_NON_LITERAL_NULL_CONVERSION = YES;
				CLANG_WARN_OBJC_IMPLICIT_RETAIN_SELF = YES;
				CLANG_WARN_OBJC_LITERAL_CONVERSION = YES;
				CLANG_WARN_OBJC_ROOT_CLASS = YES_ERROR;
				CLANG_WARN_QUOTED_INCLUDE_IN_FRAMEWORK_HEADER = YES;
				CLANG_WARN_RANGE_LOOP_ANALYSIS = YES;
				CLANG_WARN_STRICT_PROTOTYPES = YES;
				CLANG_WARN_SUSPICIOUS_MOVE = YES;
				CLANG_WARN_UNGUARDED_AVAILABILITY = YES_AGGRESSIVE;
				CLANG_WARN_UNREACHABLE_CODE = YES;
				CLANG_WARN__DUPLICATE_METHOD_MATCH = YES;
				COPY_PHASE_STRIP = NO;
				DEBUG_INFORMATION_FORMAT = dwarf;
				ENABLE_STRICT_OBJC_MSGSEND = YES;
				ENABLE_TESTABILITY = YES;
				ENABLE_USER_SCRIPT_SANDBOXING = YES;
				GCC_C_LANGUAGE_STANDARD = gnu17;
				GCC_DYNAMIC_NO_PIC = NO;
				GCC_NO_COMMON_BLOCKS = YES;
				GCC_OPTIMIZATION_LEVEL = 0;
				GCC_PREPROCESSOR_DEFINITIONS = (
					"DEBUG=1",
					"$(inherited)",
				);
				GCC_WARN_64_TO_32_BIT_CONVERSION = YES;
				GCC_WARN_ABOUT_RETURN_TYPE = YES_ERROR;
				GCC_WARN_UNDECLARED_SELECTOR = YES;
				GCC_WARN_UNINITIALIZED_AUTOS = YES_AGGRESSIVE;
				GCC_WARN_UNUSED_FUNCTION = YES;
				GCC_WARN_UNUSED_VARIABLE = YES;
				IPHONEOS_DEPLOYMENT_TARGET = 17.2;
				LOCALIZATION_PREFERS_STRING_CATALOGS = YES;
				MTL_ENABLE_DEBUG_INFO = INCLUDE_SOURCE;
				MTL_FAST_MATH = YES;
				ONLY_ACTIVE_ARCH = YES;
				SDKROOT = iphoneos;
				SWIFT_ACTIVE_COMPILATION_CONDITIONS = "DEBUG $(inherited)";
				SWIFT_OPTIMIZATION_LEVEL = "-Onone";
			};
			name = Debug;
		};
		AB3DFDB02B830BB700614DF7 /* Release */ = {
			isa = XCBuildConfiguration;
			buildSettings = {
				ALWAYS_SEARCH_USER_PATHS = NO;
				ASSETCATALOG_COMPILER_GENERATE_SWIFT_ASSET_SYMBOL_EXTENSIONS = YES;
				CLANG_ANALYZER_NONNULL = YES;
				CLANG_ANALYZER_NUMBER_OBJECT_CONVERSION = YES_AGGRESSIVE;
				CLANG_CXX_LANGUAGE_STANDARD = "gnu++20";
				CLANG_ENABLE_MODULES = YES;
				CLANG_ENABLE_OBJC_ARC = YES;
				CLANG_ENABLE_OBJC_WEAK = YES;
				CLANG_WARN_BLOCK_CAPTURE_AUTORELEASING = YES;
				CLANG_WARN_BOOL_CONVERSION = YES;
				CLANG_WARN_COMMA = YES;
				CLANG_WARN_CONSTANT_CONVERSION = YES;
				CLANG_WARN_DEPRECATED_OBJC_IMPLEMENTATIONS = YES;
				CLANG_WARN_DIRECT_OBJC_ISA_USAGE = YES_ERROR;
				CLANG_WARN_DOCUMENTATION_COMMENTS = YES;
				CLANG_WARN_EMPTY_BODY = YES;
				CLANG_WARN_ENUM_CONVERSION = YES;
				CLANG_WARN_INFINITE_RECURSION = YES;
				CLANG_WARN_INT_CONVERSION = YES;
				CLANG_WARN_NON_LITERAL_NULL_CONVERSION = YES;
				CLANG_WARN_OBJC_IMPLICIT_RETAIN_SELF = YES;
				CLANG_WARN_OBJC_LITERAL_CONVERSION = YES;
				CLANG_WARN_OBJC_ROOT_CLASS = YES_ERROR;
				CLANG_WARN_QUOTED_INCLUDE_IN_FRAMEWORK_HEADER = YES;
				CLANG_WARN_RANGE_LOOP_ANALYSIS = YES;
				CLANG_WARN_STRICT_PROTOTYPES = YES;
				CLANG_WARN_SUSPICIOUS_MOVE = YES;
				CLANG_WARN_UNGUARDED_AVAILABILITY = YES_AGGRESSIVE;
				CLANG_WARN_UNREACHABLE_CODE = YES;
				CLANG_WARN__DUPLICATE_METHOD_MATCH = YES;
				COPY_PHASE_STRIP = NO;
				DEBUG_INFORMATION_FORMAT = "dwarf-with-dsym";
				ENABLE_NS_ASSERTIONS = NO;
				ENABLE_STRICT_OBJC_MSGSEND = YES;
				ENABLE_USER_SCRIPT_SANDBOXING = YES;
				GCC_C_LANGUAGE_STANDARD = gnu17;
				GCC_NO_COMMON_BLOCKS = YES;
				GCC_WARN_64_TO_32_BIT_CONVERSION = YES;
				GCC_WARN_ABOUT_RETURN_TYPE = YES_ERROR;
				GCC_WARN_UNDECLARED_SELECTOR = YES;
				GCC_WARN_UNINITIALIZED_AUTOS = YES_AGGRESSIVE;
				GCC_WARN_UNUSED_FUNCTION = YES;
				GCC_WARN_UNUSED_VARIABLE = YES;
				IPHONEOS_DEPLOYMENT_TARGET = 17.2;
				LOCALIZATION_PREFERS_STRING_CATALOGS = YES;
				MTL_ENABLE_DEBUG_INFO = NO;
				MTL_FAST_MATH = YES;
				SDKROOT = iphoneos;
				SWIFT_COMPILATION_MODE = wholemodule;
				VALIDATE_PRODUCT = YES;
			};
			name = Release;
		};
		AB3DFDB22B830BB700614DF7 /* Debug */ = {
			isa = XCBuildConfiguration;
			buildSettings = {
				ASSETCATALOG_COMPILER_APPICON_NAME = AppIcon;
				ASSETCATALOG_COMPILER_GLOBAL_ACCENT_COLOR_NAME = AccentColor;
				CODE_SIGN_STYLE = Automatic;
				CURRENT_PROJECT_VERSION = 1;
				DEVELOPMENT_TEAM = 8Q88B239RG;
				GENERATE_INFOPLIST_FILE = YES;
				INFOPLIST_FILE = myfourthapp/Info.plist;
				INFOPLIST_KEY_UIApplicationSupportsIndirectInputEvents = YES;
				INFOPLIST_KEY_UILaunchStoryboardName = LaunchScreen;
				INFOPLIST_KEY_UIMainStoryboardFile = Main;
				INFOPLIST_KEY_UISupportedInterfaceOrientations_iPad = "UIInterfaceOrientationPortrait UIInterfaceOrientationPortraitUpsideDown UIInterfaceOrientationLandscapeLeft UIInterfaceOrientationLandscapeRight";
				INFOPLIST_KEY_UISupportedInterfaceOrientations_iPhone = "UIInterfaceOrientationPortrait UIInterfaceOrientationLandscapeLeft UIInterfaceOrientationLandscapeRight";
				LD_RUNPATH_SEARCH_PATHS = (
					"$(inherited)",
					"@executable_path/Frameworks",
				);
				MARKETING_VERSION = 1.0;
				PRODUCT_BUNDLE_IDENTIFIER = com.codingwithnobody.myfourthapp;
				PRODUCT_NAME = "$(TARGET_NAME)";
				SWIFT_EMIT_LOC_STRINGS = YES;
				SWIFT_VERSION = 5.0;
				TARGETED_DEVICE_FAMILY = "1,2";
			};
			name = Debug;
		};
		AB3DFDB32B830BB700614DF7 /* Release */ = {
			isa = XCBuildConfiguration;
			buildSettings = {
				ASSETCATALOG_COMPILER_APPICON_NAME = AppIcon;
				ASSETCATALOG_COMPILER_GLOBAL_ACCENT_COLOR_NAME = AccentColor;
				CODE_SIGN_STYLE = Automatic;
				CURRENT_PROJECT_VERSION = 1;
				DEVELOPMENT_TEAM = 8Q88B239RG;
				GENERATE_INFOPLIST_FILE = YES;
				INFOPLIST_FILE = myfourthapp/Info.plist;
				INFOPLIST_KEY_UIApplicationSupportsIndirectInputEvents = YES;
				INFOPLIST_KEY_UILaunchStoryboardName = LaunchScreen;
				INFOPLIST_KEY_UIMainStoryboardFile = Main;
				INFOPLIST_KEY_UISupportedInterfaceOrientations_iPad = "UIInterfaceOrientationPortrait UIInterfaceOrientationPortraitUpsideDown UIInterfaceOrientationLandscapeLeft UIInterfaceOrientationLandscapeRight";
				INFOPLIST_KEY_UISupportedInterfaceOrientations_iPhone = "UIInterfaceOrientationPortrait UIInterfaceOrientationLandscapeLeft UIInterfaceOrientationLandscapeRight";
				LD_RUNPATH_SEARCH_PATHS = (
					"$(inherited)",
					"@executable_path/Frameworks",
				);
				MARKETING_VERSION = 1.0;
				PRODUCT_BUNDLE_IDENTIFIER = com.codingwithnobody.myfourthapp;
				PRODUCT_NAME = "$(TARGET_NAME)";
				SWIFT_EMIT_LOC_STRINGS = YES;
				SWIFT_VERSION = 5.0;
				TARGETED_DEVICE_FAMILY = "1,2";
			};
			name = Release;
		};
/* End XCBuildConfiguration section */

/* Begin XCConfigurationList section */
		AB3DFD982B830BB500614DF7 /* Build configuration list for PBXProject "myfourthapp" */ = {
			isa = XCConfigurationList;
			buildConfigurations = (
				AB3DFDAF2B830BB700614DF7 /* Debug */,
				AB3DFDB02B830BB700614DF7 /* Release */,
			);
			defaultConfigurationIsVisible = 0;
			defaultConfigurationName = Release;
		};
		AB3DFDB12B830BB700614DF7 /* Build configuration list for PBXNativeTarget "myfourthapp" */ = {
			isa = XCConfigurationList;
			buildConfigurations = (
				AB3DFDB22B830BB700614DF7 /* Debug */,
				AB3DFDB32B830BB700614DF7 /* Release */,
			);
			defaultConfigurationIsVisible = 0;
			defaultConfigurationName = Release;
		};
/* End XCConfigurationList section */

/* Begin XCLocalSwiftPackageReference section */
		AB3DFDBE2B830CF500614DF7 /* XCLocalSwiftPackageReference "MyUserAPI" */ = {
			isa = XCLocalSwiftPackageReference;
			relativePath = MyUserAPI;
		};
/* End XCLocalSwiftPackageReference section */

/* Begin XCRemoteSwiftPackageReference section */
		AB3DFDB42B830C1800614DF7 /* XCRemoteSwiftPackageReference "apollo-ios" */ = {
			isa = XCRemoteSwiftPackageReference;
			repositoryURL = "https://github.com/apollographql/apollo-ios.git";
			requirement = {
				kind = upToNextMajorVersion;
				minimumVersion = 1.9.0;
			};
		};
/* End XCRemoteSwiftPackageReference section */

/* Begin XCSwiftPackageProductDependency section */
		AB3DFDB52B830C1800614DF7 /* Apollo */ = {
			isa = XCSwiftPackageProductDependency;
			package = AB3DFDB42B830C1800614DF7 /* XCRemoteSwiftPackageReference "apollo-ios" */;
			productName = Apollo;
		};
		AB3DFDB72B830C1800614DF7 /* ApolloWebSocket */ = {
			isa = XCSwiftPackageProductDependency;
			package = AB3DFDB42B830C1800614DF7 /* XCRemoteSwiftPackageReference "apollo-ios" */;
			productName = ApolloWebSocket;
		};
		AB3DFDBF2B830CF500614DF7 /* MyUserAPI */ = {
			isa = XCSwiftPackageProductDependency;
			productName = MyUserAPI;
		};
/* End XCSwiftPackageProductDependency section */
	};
	rootObject = AB3DFD952B830BB500614DF7 /* Project object */;
}
